
Microsoft Visual Studio Solution File, Format Version 12.00
# Visual Studio Version 17
VisualStudioVersion = 17.6.33723.286
MinimumVisualStudioVersion = 10.0.40219.1
Project("{9A19103F-16F7-4668-BE54-9A1E7A4F7556}") = "KutuphaneApp", "KutuphaneApp.csproj", "{74B74D5E-E802-44ED-A575-B07B70979505}"
EndProject
Project("{9A19103F-16F7-4668-BE54-9A1E7A4F7556}") = "EntityLayer", "..\EntityLayer\EntityLayer.csproj", "{3A72F7D2-FCE3-4A1A-AF6D-C6302C65E4BC}"
EndProject
Project("{FAE04EC0-301F-11D3-BF4B-00C04F79EFBC}") = "DataAccsessLayer", "..\DataAccsessLayer\DataAccsessLayer.csproj", "{CEA72713-5432-41A1-9E20-AAF7756ED576}"
EndProject
Project("{FAE04EC0-301F-11D3-BF4B-00C04F79EFBC}") = "BusinessLayer", "..\BusinessLayer\BusinessLayer.csproj", "{1CEF71F0-3807-4130-A763-E71A715FF593}"
EndProject
Global
	GlobalSection(SolutionConfigurationPlatforms) = preSolution
		Debug|Any CPU = Debug|Any CPU
		Release|Any CPU = Release|Any CPU
	EndGlobalSection
	GlobalSection(ProjectConfigurationPlatforms) = postSolution
		{74B74D5E-E802-44ED-A575-B07B70979505}.Debug|Any CPU.ActiveCfg = Debug|Any CPU
		{74B74D5E-E802-44ED-A575-B07B70979505}.Debug|Any CPU.Build.0 = Debug|Any CPU
		{74B74D5E-E802-44ED-A575-B07B70979505}.Release|Any CPU.ActiveCfg = Release|Any CPU
		{74B74D5E-E802-44ED-A575-B07B70979505}.Release|Any CPU.Build.0 = Release|Any CPU
		{3A72F7D2-FCE3-4A1A-AF6D-C6302C65E4BC}.Debug|Any CPU.ActiveCfg = Debug|Any CPU
		{3A72F7D2-FCE3-4A1A-AF6D-C6302C65E4BC}.Debug|Any CPU.Build.0 = Debug|Any CPU
		{3A72F7D2-FCE3-4A1A-AF6D-C6302C65E4BC}.Release|Any CPU.ActiveCfg = Release|Any CPU
		{3A72F7D2-FCE3-4A1A-AF6D-C6302C65E4BC}.Release|Any CPU.Build.0 = Release|Any CPU
		{CEA72713-5432-41A1-9E20-AAF7756ED576}.Debug|Any CPU.ActiveCfg = Debug|Any CPU
		{CEA72713-5432-41A1-9E20-AAF7756ED576}.Debug|Any CPU.Build.0 = Debug|Any CPU
		{CEA72713-5432-41A1-9E20-AAF7756ED576}.Release|Any CPU.ActiveCfg = Release|Any CPU
		{CEA72713-5432-41A1-9E20-AAF7756ED576}.Release|Any CPU.Build.0 = Release|Any CPU
		{1CEF71F0-3807-4130-A763-E71A715FF593}.Debug|Any CPU.ActiveCfg = Debug|Any CPU
		{1CEF71F0-3807-4130-A763-E71A715FF593}.Debug|Any CPU.Build.0 = Debug|Any CPU
		{1CEF71F0-3807-4130-A763-E71A715FF593}.Release|Any CPU.ActiveCfg = Release|Any CPU
		{1CEF71F0-3807-4130-A763-E71A715FF593}.Release|Any CPU.Build.0 = Release|Any CPU
	EndGlobalSection
	GlobalSection(SolutionProperties) = preSolution
		HideSolutionNode = FALSE
	EndGlobalSection
	GlobalSection(ExtensibilityGlobals) = postSolution
		SolutionGuid = {58229C05-C4F0-447B-B301-AA98F5C0E502}
	EndGlobalSection
EndGlobal
